
Microsoft Visual Studio Solution File, Format Version 12.00
# Visual Studio Version 16
VisualStudioVersion = 16.0.33801.447
MinimumVisualStudioVersion = 10.0.40219.1
Project("{FAE04EC0-301F-11D3-BF4B-00C04F79EFBC}") = "demo.smart-school", "demo.smart-school.csproj", "{264A7549-CE93-4DC5-B3EA-75DDC0343FA3}"
EndProject
Global
	GlobalSection(SolutionConfigurationPlatforms) = preSolution
		Debug|Any CPU = Debug|Any CPU
		Release|Any CPU = Release|Any CPU
	EndGlobalSection
	GlobalSection(ProjectConfigurationPlatforms) = postSolution
		{264A7549-CE93-4DC5-B3EA-75DDC0343FA3}.Debug|Any CPU.ActiveCfg = Debug|Any CPU
		{264A7549-CE93-4DC5-B3EA-75DDC0343FA3}.Debug|Any CPU.Build.0 = Debug|Any CPU
		{264A7549-CE93-4DC5-B3EA-75DDC0343FA3}.Release|Any CPU.ActiveCfg = Release|Any CPU
		{264A7549-CE93-4DC5-B3EA-75DDC0343FA3}.Release|Any CPU.Build.0 = Release|Any CPU
	EndGlobalSection
	GlobalSection(SolutionProperties) = preSolution
		HideSolutionNode = FALSE
	EndGlobalSection
	GlobalSection(ExtensibilityGlobals) = postSolution
		SolutionGuid = {5BC2271D-30B2-4B69-92CB-59C7D1A58B2F}
	EndGlobalSection
EndGlobal
